# This file was autogenerated by Stack.
# You should not edit this file by hand.
# For more information, please see the documentation at:
#   https://docs.haskellstack.org/en/stable/lock_files

packages:
- completed:
    hackage: dlist-0.8.0.8@sha256:90ca348bffdc62d7070bcf0e97c728f8d01b24fbc7ea08d2909157d0da76534c,2066
    pantry-tree:
      size: 426
      sha256: 1b5b9142a932f15c77f758f92f90bea6c805c42d4c62f7a697e8e4f6cf1ad6e6
  original:
    hackage: dlist-0.8.0.8
- completed:
    hackage: explainable-predicates-0.1.2.1@sha256:1b8d9c98a0eea7782bf129313dbf174b46733aa13a09f2c010423e9a7a9ee57f,3749
    pantry-tree:
      size: 818
      sha256: 95fbff55e26fb5cf7a27e473e38f285aef31ec6aa399ae3968fbc6dc81a4d77c
  original:
    hackage: explainable-predicates-0.1.2.1
- completed:
    hackage: HMock-0.5.1.0@sha256:64f25f8885ac45ee7b0e61e180ba9c6fb87f49138062bcad3a21d423565b67f8,3793
    pantry-tree:
      size: 1912
      sha256: 2e5ca552638e66c0a725810b84192cdbf2d880624a3dbd4ba867e1bc336dba85
  original:
    hackage: HMock-0.5.1.0
- completed:
    hackage: postgresql-simple-migration-0.1.15.0@sha256:123d8f62b0e300aede37e2d6dacc81b9468cb68dc5c3f52fe807085992280aa8,3969
    pantry-tree:
      size: 766
      sha256: 186c759339e91c18b51879a5795f6cf8db2639001eb6b0e7c017d90e5dfa6ab2
  original:
    hackage: postgresql-simple-migration-0.1.15.0
- completed:
    hackage: timezone-detect-0.3.0.1@sha256:bcf13d45886e49f2a86695988295d7381471cc1c620b9cf12db34f52e591f097,2230
    pantry-tree:
      size: 600
      sha256: 02861303f2b8a213afec0ef21cba1a86297f029f1dc46181ddf921db4dcceb19
  original:
    hackage: timezone-detect-0.3.0.1
- completed:
    subdir: beam-core
    name: beam-core
    version: 0.9.1.0
    git: https://github.com/haskell-beam/beam.git
    pantry-tree:
      size: 2705
      sha256: 525ed5a3152de65ba77e5c57fe8a0a29dffb3659920fc295fd355a3409840a62
    commit: 254d02db7c65e66f4041f7a3a5004e5c8876152c
  original:
    subdir: beam-core
    git: https://github.com/haskell-beam/beam.git
    commit: 254d02db7c65e66f4041f7a3a5004e5c8876152c
- completed:
    subdir: beam-migrate
    name: beam-migrate
    version: 0.5.1.0
    git: https://github.com/haskell-beam/beam.git
    pantry-tree:
      size: 1826
      sha256: 0b59af412d37ca982aa8d16dbd311c2cf8d46140978f40af521a2f213c9042df
    commit: 254d02db7c65e66f4041f7a3a5004e5c8876152c
  original:
    subdir: beam-migrate
    git: https://github.com/haskell-beam/beam.git
    commit: 254d02db7c65e66f4041f7a3a5004e5c8876152c
- completed:
    subdir: beam-postgres
    name: beam-postgres
    version: 0.5.1.0
    git: https://github.com/haskell-beam/beam.git
    pantry-tree:
      size: 2597
      sha256: 077678e530d1baf74c02923b8814984a6b5044705a6f0a9e8e331951d9747188
    commit: 254d02db7c65e66f4041f7a3a5004e5c8876152c
  original:
    subdir: beam-postgres
    git: https://github.com/haskell-beam/beam.git
    commit: 254d02db7c65e66f4041f7a3a5004e5c8876152c
snapshots:
- completed:
    size: 586103
    url: https://raw.githubusercontent.com/commercialhaskell/stackage-snapshots/master/lts/18/19.yaml
    sha256: 32716534fff554b7f90762130fdb985cabf29f157758934dd1c8f3892a646430
  original: lts-18.19
